
Microsoft Visual Studio Solution File, Format Version 12.00
# Visual Studio Version 17
VisualStudioVersion = 17.0.31903.59
MinimumVisualStudioVersion = 10.0.40219.1
Project("{FAE04EC0-301F-11D3-BF4B-00C04F79EFBC}") = "IntrepionApp.WebApi", "IntrepionApp.WebApi\IntrepionApp.WebApi.csproj", "{8C321ED6-F68A-46E0-8614-3CF3CFEBD411}"
EndProject
Project("{FAE04EC0-301F-11D3-BF4B-00C04F79EFBC}") = "IntrepionApp.Tests", "IntrepionApp.Tests\IntrepionApp.Tests.csproj", "{7D032800-B12E-462A-8BE6-022C855A8D17}"
EndProject
Global
	GlobalSection(SolutionConfigurationPlatforms) = preSolution
		Debug|Any CPU = Debug|Any CPU
		Release|Any CPU = Release|Any CPU
	EndGlobalSection
	GlobalSection(SolutionProperties) = preSolution
		HideSolutionNode = FALSE
	EndGlobalSection
	GlobalSection(ProjectConfigurationPlatforms) = postSolution
		{8C321ED6-F68A-46E0-8614-3CF3CFEBD411}.Debug|Any CPU.ActiveCfg = Debug|Any CPU
		{8C321ED6-F68A-46E0-8614-3CF3CFEBD411}.Debug|Any CPU.Build.0 = Debug|Any CPU
		{8C321ED6-F68A-46E0-8614-3CF3CFEBD411}.Release|Any CPU.ActiveCfg = Release|Any CPU
		{8C321ED6-F68A-46E0-8614-3CF3CFEBD411}.Release|Any CPU.Build.0 = Release|Any CPU
		{7D032800-B12E-462A-8BE6-022C855A8D17}.Debug|Any CPU.ActiveCfg = Debug|Any CPU
		{7D032800-B12E-462A-8BE6-022C855A8D17}.Debug|Any CPU.Build.0 = Debug|Any CPU
		{7D032800-B12E-462A-8BE6-022C855A8D17}.Release|Any CPU.ActiveCfg = Release|Any CPU
		{7D032800-B12E-462A-8BE6-022C855A8D17}.Release|Any CPU.Build.0 = Release|Any CPU
	EndGlobalSection
EndGlobal
